
Microsoft Visual Studio Solution File, Format Version 12.00
# Visual Studio Version 17
VisualStudioVersion = 17.14.36518.9
MinimumVisualStudioVersion = 10.0.40219.1
Project("{FAE04EC0-301F-11D3-BF4B-00C04F79EFBC}") = "ProductAPI", "ProductAPI\ProductAPI.csproj", "{2D063AC7-7950-4B0F-9FBB-2F45419A1A9F}"
EndProject
Project("{FAE04EC0-301F-11D3-BF4B-00C04F79EFBC}") = "ProductAPI.Domain", "ProductAPI.Domain\ProductAPI.Domain.csproj", "{72A893FE-59DB-42EE-AE4F-357A5D65B921}"
EndProject
Project("{FAE04EC0-301F-11D3-BF4B-00C04F79EFBC}") = "ProductAPI.Application", "ProductAPI.Application\ProductAPI.Application.csproj", "{EC4A1842-0B94-4C1C-8714-8F2E9D6B71A3}"
EndProject
Project("{FAE04EC0-301F-11D3-BF4B-00C04F79EFBC}") = "ProductAPI.Infrastructure", "ProductAPI.Infrastucture\ProductAPI.Infrastructure.csproj", "{576D0DA0-7475-407D-B868-1B4BBF7B655D}"
EndProject
Global
	GlobalSection(SolutionConfigurationPlatforms) = preSolution
		Debug|Any CPU = Debug|Any CPU
		Release|Any CPU = Release|Any CPU
	EndGlobalSection
	GlobalSection(ProjectConfigurationPlatforms) = postSolution
		{2D063AC7-7950-4B0F-9FBB-2F45419A1A9F}.Debug|Any CPU.ActiveCfg = Debug|Any CPU
		{2D063AC7-7950-4B0F-9FBB-2F45419A1A9F}.Debug|Any CPU.Build.0 = Debug|Any CPU
		{2D063AC7-7950-4B0F-9FBB-2F45419A1A9F}.Release|Any CPU.ActiveCfg = Release|Any CPU
		{2D063AC7-7950-4B0F-9FBB-2F45419A1A9F}.Release|Any CPU.Build.0 = Release|Any CPU
		{72A893FE-59DB-42EE-AE4F-357A5D65B921}.Debug|Any CPU.ActiveCfg = Debug|Any CPU
		{72A893FE-59DB-42EE-AE4F-357A5D65B921}.Debug|Any CPU.Build.0 = Debug|Any CPU
		{72A893FE-59DB-42EE-AE4F-357A5D65B921}.Release|Any CPU.ActiveCfg = Release|Any CPU
		{72A893FE-59DB-42EE-AE4F-357A5D65B921}.Release|Any CPU.Build.0 = Release|Any CPU
		{EC4A1842-0B94-4C1C-8714-8F2E9D6B71A3}.Debug|Any CPU.ActiveCfg = Debug|Any CPU
		{EC4A1842-0B94-4C1C-8714-8F2E9D6B71A3}.Debug|Any CPU.Build.0 = Debug|Any CPU
		{EC4A1842-0B94-4C1C-8714-8F2E9D6B71A3}.Release|Any CPU.ActiveCfg = Release|Any CPU
		{EC4A1842-0B94-4C1C-8714-8F2E9D6B71A3}.Release|Any CPU.Build.0 = Release|Any CPU
		{576D0DA0-7475-407D-B868-1B4BBF7B655D}.Debug|Any CPU.ActiveCfg = Debug|Any CPU
		{576D0DA0-7475-407D-B868-1B4BBF7B655D}.Debug|Any CPU.Build.0 = Debug|Any CPU
		{576D0DA0-7475-407D-B868-1B4BBF7B655D}.Release|Any CPU.ActiveCfg = Release|Any CPU
		{576D0DA0-7475-407D-B868-1B4BBF7B655D}.Release|Any CPU.Build.0 = Release|Any CPU
	EndGlobalSection
	GlobalSection(SolutionProperties) = preSolution
		HideSolutionNode = FALSE
	EndGlobalSection
	GlobalSection(ExtensibilityGlobals) = postSolution
		SolutionGuid = {A68F15BB-4DBB-4695-9A0E-0333E1889FCE}
	EndGlobalSection
EndGlobal
